
Microsoft Visual Studio Solution File, Format Version 12.00
# Visual Studio Version 17
VisualStudioVersion = 17.0.31903.59
MinimumVisualStudioVersion = 10.0.40219.1
Project("{FAE04EC0-301F-11D3-BF4B-00C04F79EFBC}") = "FUNDAMENTOS5_API", "API\FUNDAMENTOS5_API.csproj", "{AFCC4E41-3C31-4CE9-837B-3CB73FA16D4B}"
EndProject
Project("{FAE04EC0-301F-11D3-BF4B-00C04F79EFBC}") = "Test", "Test\Test.csproj", "{6D8F6085-C411-4090-A0DF-8E7942005EA3}"
EndProject
Global
	GlobalSection(SolutionConfigurationPlatforms) = preSolution
		Debug|Any CPU = Debug|Any CPU
		Release|Any CPU = Release|Any CPU
	EndGlobalSection
	GlobalSection(SolutionProperties) = preSolution
		HideSolutionNode = FALSE
	EndGlobalSection
	GlobalSection(ProjectConfigurationPlatforms) = postSolution
		{AFCC4E41-3C31-4CE9-837B-3CB73FA16D4B}.Debug|Any CPU.ActiveCfg = Debug|Any CPU
		{AFCC4E41-3C31-4CE9-837B-3CB73FA16D4B}.Debug|Any CPU.Build.0 = Debug|Any CPU
		{AFCC4E41-3C31-4CE9-837B-3CB73FA16D4B}.Release|Any CPU.ActiveCfg = Release|Any CPU
		{AFCC4E41-3C31-4CE9-837B-3CB73FA16D4B}.Release|Any CPU.Build.0 = Release|Any CPU
		{6D8F6085-C411-4090-A0DF-8E7942005EA3}.Debug|Any CPU.ActiveCfg = Debug|Any CPU
		{6D8F6085-C411-4090-A0DF-8E7942005EA3}.Debug|Any CPU.Build.0 = Debug|Any CPU
		{6D8F6085-C411-4090-A0DF-8E7942005EA3}.Release|Any CPU.ActiveCfg = Release|Any CPU
		{6D8F6085-C411-4090-A0DF-8E7942005EA3}.Release|Any CPU.Build.0 = Release|Any CPU
	EndGlobalSection
EndGlobal
